{
  "requires": true,
  "lockfileVersion": 1,
  "dependencies": {
    "angular": {
      "version": "1.6.8",
      "resolved": "https://registry.npmjs.org/angular/-/angular-1.6.8.tgz",
      "integrity": "sha512-9WErZIOw1Cu1V5Yxdvxz/6YpND8ntdP71fdPpufPFJvZodZXqCjQBYrHqEoMZreO5i84O3D/Jw/vepoFt68Azw=="
    },
    "angular-animate": {
      "version": "1.6.8",
      "resolved": "https://registry.npmjs.org/angular-animate/-/angular-animate-1.6.8.tgz",
      "integrity": "sha512-zKaq9vtJ+QPV6q159mJkb6uKa3SiTe0PXj+W9WO3cDhLly8LuQHYRteAAD3/SqlS7GMq2SFlJvs7VQduPJpUQw=="
    },
    "angular-aria": {
      "version": "1.6.8",
      "resolved": "https://registry.npmjs.org/angular-aria/-/angular-aria-1.6.8.tgz",
      "integrity": "sha512-pJ24MO23zJXBmJ0X/0jkz0DtWthXTahwe4oLCrrbT6Jxtspf+FCYNTkBeC1c3fv+CNGal69NRUUMuujuRyqzeg=="
    },
    "angular-material": {
      "version": "1.1.5",
      "resolved": "https://registry.npmjs.org/angular-material/-/angular-material-1.1.5.tgz",
      "integrity": "sha1-pUUM2CBeFadpHtw4lHYJTPhtWSs="
    },
    "mdi": {
      "version": "2.1.19",
      "resolved": "https://registry.npmjs.org/mdi/-/mdi-2.1.19.tgz",
      "integrity": "sha512-WErwab4jq/jcCeo4aecQ5UH1WXu2Eto5Rdb0AiBFcUw8CHmF/UeV+hf9wKyH17X+c3Z+jaS3jDKW7fu0R0HmWQ=="
    },
    "tslib": {
      "version": "1.8.1",
      "resolved": "https://registry.npmjs.org/tslib/-/tslib-1.8.1.tgz",
      "integrity": "sha1-aUavLR1lGnsYY7Ux1uWvpBqkTqw="
    }
  }
}
